
Microsoft Visual Studio Solution File, Format Version 12.00
# Visual Studio Version 17
VisualStudioVersion = 17.11.35005.142
MinimumVisualStudioVersion = 10.0.40219.1
Project("{9A19103F-16F7-4668-BE54-9A1E7A4F7556}") = "MyBookWeb", "WebApplication1\MyBookWeb.csproj", "{C90443BE-CFD4-483D-8872-8ADAB55462B8}"
EndProject
Project("{9A19103F-16F7-4668-BE54-9A1E7A4F7556}") = "BookWeb.Models", "Web.Models\BookWeb.Models.csproj", "{18C95523-1D94-4C8D-BA44-593BF14D340B}"
EndProject
Project("{9A19103F-16F7-4668-BE54-9A1E7A4F7556}") = "BookWeb.Utility", "Web.Utility\BookWeb.Utility.csproj", "{EE2CAD67-35B7-43CF-94B6-E018794896E7}"
EndProject
Project("{9A19103F-16F7-4668-BE54-9A1E7A4F7556}") = "BookWeb.DataAccess", "Web.DataAccess\BookWeb.DataAccess.csproj", "{23EAFE20-5E15-4BB3-89F0-88216B244A27}"
EndProject
Global
	GlobalSection(SolutionConfigurationPlatforms) = preSolution
		Debug|Any CPU = Debug|Any CPU
		Release|Any CPU = Release|Any CPU
	EndGlobalSection
	GlobalSection(ProjectConfigurationPlatforms) = postSolution
		{C90443BE-CFD4-483D-8872-8ADAB55462B8}.Debug|Any CPU.ActiveCfg = Debug|Any CPU
		{C90443BE-CFD4-483D-8872-8ADAB55462B8}.Debug|Any CPU.Build.0 = Debug|Any CPU
		{C90443BE-CFD4-483D-8872-8ADAB55462B8}.Release|Any CPU.ActiveCfg = Release|Any CPU
		{C90443BE-CFD4-483D-8872-8ADAB55462B8}.Release|Any CPU.Build.0 = Release|Any CPU
		{18C95523-1D94-4C8D-BA44-593BF14D340B}.Debug|Any CPU.ActiveCfg = Debug|Any CPU
		{18C95523-1D94-4C8D-BA44-593BF14D340B}.Debug|Any CPU.Build.0 = Debug|Any CPU
		{18C95523-1D94-4C8D-BA44-593BF14D340B}.Release|Any CPU.ActiveCfg = Release|Any CPU
		{18C95523-1D94-4C8D-BA44-593BF14D340B}.Release|Any CPU.Build.0 = Release|Any CPU
		{EE2CAD67-35B7-43CF-94B6-E018794896E7}.Debug|Any CPU.ActiveCfg = Debug|Any CPU
		{EE2CAD67-35B7-43CF-94B6-E018794896E7}.Debug|Any CPU.Build.0 = Debug|Any CPU
		{EE2CAD67-35B7-43CF-94B6-E018794896E7}.Release|Any CPU.ActiveCfg = Release|Any CPU
		{EE2CAD67-35B7-43CF-94B6-E018794896E7}.Release|Any CPU.Build.0 = Release|Any CPU
		{23EAFE20-5E15-4BB3-89F0-88216B244A27}.Debug|Any CPU.ActiveCfg = Debug|Any CPU
		{23EAFE20-5E15-4BB3-89F0-88216B244A27}.Debug|Any CPU.Build.0 = Debug|Any CPU
		{23EAFE20-5E15-4BB3-89F0-88216B244A27}.Release|Any CPU.ActiveCfg = Release|Any CPU
		{23EAFE20-5E15-4BB3-89F0-88216B244A27}.Release|Any CPU.Build.0 = Release|Any CPU
	EndGlobalSection
	GlobalSection(SolutionProperties) = preSolution
		HideSolutionNode = FALSE
	EndGlobalSection
	GlobalSection(ExtensibilityGlobals) = postSolution
		SolutionGuid = {7EED42BB-463B-480D-9917-B99CDC45F4DE}
	EndGlobalSection
EndGlobal
